Microsoft Visual Studio Solution File, Format Version 7.00
Project("{8BC9CEB8-8B4A-11D0-8D11-00A0C91BC942}") = "TA-Lib-Core", "Core\TA-Lib-Core.vcproj", "{E1E6599C-BA90-4F84-86D4-C2FA0F1E544E}"
EndProject
Global
	GlobalSection(SolutionConfiguration) = preSolution
		ConfigName.0 = Debug
		ConfigName.1 = Release
	EndGlobalSection
	GlobalSection(ProjectDependencies) = postSolution
	EndGlobalSection
	GlobalSection(ProjectConfiguration) = postSolution
		{E1E6599C-BA90-4F84-86D4-C2FA0F1E544E}.Debug.ActiveCfg = Debug|Win32
		{E1E6599C-BA90-4F84-86D4-C2FA0F1E544E}.Debug.Build.0 = Debug|Win32
		{E1E6599C-BA90-4F84-86D4-C2FA0F1E544E}.Release.ActiveCfg = Release|Win32
		{E1E6599C-BA90-4F84-86D4-C2FA0F1E544E}.Release.Build.0 = Release|Win32
	EndGlobalSection
	GlobalSection(ExtensibilityGlobals) = postSolution
	EndGlobalSection
	GlobalSection(ExtensibilityAddIns) = postSolution
	EndGlobalSection
EndGlobal
